
Microsoft Visual Studio Solution File, Format Version 12.00
# Visual Studio 14
VisualStudioVersion = 14.0.25420.1
MinimumVisualStudioVersion = 10.0.40219.1
Project("{FAE04EC0-301F-11D3-BF4B-00C04F79EFBC}") = "Task 1", "Task 1\Task 1.csproj", "{6792D99C-1C4D-4EC9-B812-FEFB8F545921}"
EndProject
Project("{FAE04EC0-301F-11D3-BF4B-00C04F79EFBC}") = "Geometry.Test", "Geometry.Test\Geometry.Test.csproj", "{8AFD9673-26C0-4BDE-8748-B3A9B70F537A}"
EndProject
Project("{FAE04EC0-301F-11D3-BF4B-00C04F79EFBC}") = "Geometry", "Geometry\Geometry.csproj", "{D6B6CBC3-A287-435D-8C15-4EF5A3C78104}"
EndProject
Global
	GlobalSection(SolutionConfigurationPlatforms) = preSolution
		Debug|Any CPU = Debug|Any CPU
		Release|Any CPU = Release|Any CPU
	EndGlobalSection
	GlobalSection(ProjectConfigurationPlatforms) = postSolution
		{6792D99C-1C4D-4EC9-B812-FEFB8F545921}.Debug|Any CPU.ActiveCfg = Debug|Any CPU
		{6792D99C-1C4D-4EC9-B812-FEFB8F545921}.Debug|Any CPU.Build.0 = Debug|Any CPU
		{6792D99C-1C4D-4EC9-B812-FEFB8F545921}.Release|Any CPU.ActiveCfg = Release|Any CPU
		{6792D99C-1C4D-4EC9-B812-FEFB8F545921}.Release|Any CPU.Build.0 = Release|Any CPU
		{8AFD9673-26C0-4BDE-8748-B3A9B70F537A}.Debug|Any CPU.ActiveCfg = Debug|Any CPU
		{8AFD9673-26C0-4BDE-8748-B3A9B70F537A}.Debug|Any CPU.Build.0 = Debug|Any CPU
		{8AFD9673-26C0-4BDE-8748-B3A9B70F537A}.Release|Any CPU.ActiveCfg = Release|Any CPU
		{8AFD9673-26C0-4BDE-8748-B3A9B70F537A}.Release|Any CPU.Build.0 = Release|Any CPU
		{D6B6CBC3-A287-435D-8C15-4EF5A3C78104}.Debug|Any CPU.ActiveCfg = Debug|Any CPU
		{D6B6CBC3-A287-435D-8C15-4EF5A3C78104}.Debug|Any CPU.Build.0 = Debug|Any CPU
		{D6B6CBC3-A287-435D-8C15-4EF5A3C78104}.Release|Any CPU.ActiveCfg = Release|Any CPU
		{D6B6CBC3-A287-435D-8C15-4EF5A3C78104}.Release|Any CPU.Build.0 = Release|Any CPU
	EndGlobalSection
	GlobalSection(SolutionProperties) = preSolution
		HideSolutionNode = FALSE
	EndGlobalSection
EndGlobal
